<?xml version="1.0" encoding="utf-8"?>
<Project ToolsVersion="4.0" xmlns="http://schemas.microsoft.com/developer/msbuild/2003">
  <ItemGroup>
    <Filter Include="源文件">
      <UniqueIdentifier>{4FC737F1-C7A5-4376-A066-2A32D752A2FF}</UniqueIdentifier>
      <Extensions>cpp;c;cc;cxx;def;odl;idl;hpj;bat;asm;asmx</Extensions>
    </Filter>
    <Filter Include="头文件">
      <UniqueIdentifier>{93995380-89BD-4b04-88EB-625FBE52EBFB}</UniqueIdentifier>
      <Extensions>h;hh;hpp;hxx;hm;inl;inc;xsd</Extensions>
    </Filter>
    <Filter Include="资源文件">
      <UniqueIdentifier>{67DA6AB6-F800-4c08-8B7A-83BB121AAD01}</UniqueIdentifier>
      <Extensions>rc;ico;cur;bmp;dlg;rc2;rct;bin;rgs;gif;jpg;jpeg;jpe;resx;tiff;tif;png;wav;mfcribbon-ms</Extensions>
    </Filter>
  </ItemGroup>
  <ItemGroup>
    <ClInclude Include="HoiQuyTuyenTinh.h">
      <Filter>头文件</Filter>
    </ClInclude>
    <ClInclude Include="resource.h">
      <Filter>头文件</Filter>
    </ClInclude>
  </ItemGroup>
  <ItemGroup>
    <ClCompile Include="WinMain.cpp">
      <Filter>源文件</Filter>
    </ClCompile>
    <ClCompile Include="WinProc.cpp">
      <Filter>源文件</Filter>
    </ClCompile>
    <ClCompile Include="Dlg1Proc.cpp">
      <Filter>源文件</Filter>
    </ClCompile>
    <ClCompile Include="DoHoa.cpp">
      <Filter>源文件</Filter>
    </ClCompile>
    <ClCompile Include="Dlg2Proc.cpp">
      <Filter>源文件</Filter>
    </ClCompile>
    <ClCompile Include="Dlg3Proc.cpp">
      <Filter>源文件</Filter>
    </ClCompile>
    <ClCompile Include="Dlg4Proc.cpp">
      <Filter>源文件</Filter>
    </ClCompile>
    <ClCompile Include="Chuot.cpp">
      <Filter>源文件</Filter>
    </ClCompile>
    <ClCompile Include="XuLy.cpp">
      <Filter>源文件</Filter>
    </ClCompile>
    <ClCompile Include="Dlg5Proc.cpp">
      <Filter>源文件</Filter>
    </ClCompile>
    <ClCompile Include="Dlg6Proc.cpp">
      <Filter>源文件</Filter>
    </ClCompile>
  </ItemGroup>
  <ItemGroup>
    <ResourceCompile Include="HoiQuyTuyenTinh.rc">
      <Filter>资源文件</Filter>
    </ResourceCompile>
  </ItemGroup>
  <ItemGroup>
    <Image Include="logo.ico">
      <Filter>资源文件</Filter>
    </Image>
    <Image Include="back.bmp">
      <Filter>资源文件</Filter>
    </Image>
    <Image Include="solieu.bmp">
      <Filter>资源文件</Filter>
    </Image>
    <Image Include="thongso.bmp">
      <Filter>资源文件</Filter>
    </Image>
    <Image Include="dothi.bmp">
      <Filter>资源文件</Filter>
    </Image>
    <Image Include="toi.ico">
      <Filter>资源文件</Filter>
    </Image>
    <Image Include="lui.ico">
      <Filter>资源文件</Filter>
    </Image>
    <Image Include="sua.ico">
      <Filter>资源文件</Filter>
    </Image>
    <Image Include="xoa.ico">
      <Filter>资源文件</Filter>
    </Image>
    <Image Include="nhapbutton.bmp">
      <Filter>资源文件</Filter>
    </Image>
    <Image Include="nhapbutton.ico">
      <Filter>资源文件</Filter>
    </Image>
    <Image Include="mobutton.ico">
      <Filter>资源文件</Filter>
    </Image>
    <Image Include="luubutton.ico">
      <Filter>资源文件</Filter>
    </Image>
    <Image Include="infobutton.ico">
      <Filter>资源文件</Filter>
    </Image>
    <Image Include="dothibutton.ico">
      <Filter>资源文件</Filter>
    </Image>
    <Image Include="xulybutton.ico">
      <Filter>资源文件</Filter>
    </Image>
  </ItemGroup>
  <ItemGroup>
    <Manifest Include="HoiQuyTuyenTinh.exe.manifest">
      <Filter>资源文件</Filter>
    </Manifest>
  </ItemGroup>
  <ItemGroup>
    <None Include="wav1.bin">
      <Filter>资源文件</Filter>
    </None>
    <None Include="wav2.bin">
      <Filter>资源文件</Filter>
    </None>
    <None Include="chuot.cur">
      <Filter>资源文件</Filter>
    </None>
  </ItemGroup>
  <ItemGroup>
    <Media Include="untitled.wav">
      <Filter>资源文件</Filter>
    </Media>
  </ItemGroup>
</Project>